
Microsoft Visual Studio Solution File, Format Version 12.00
# Visual Studio 15
VisualStudioVersion = 15.0.26403.7
MinimumVisualStudioVersion = 10.0.40219.1
Project("{FAE04EC0-301F-11D3-BF4B-00C04F79EFBC}") = "ca_20170426简单多线程", "ca_20170426简单多线程\ca_20170426简单多线程.csproj", "{D48FD766-8417-4B2E-B9DA-34C4BA3203C1}"
EndProject
Project("{FAE04EC0-301F-11D3-BF4B-00C04F79EFBC}") = "ca_20170426多线程回调", "ca_20170426多线程回调\ca_20170426多线程回调.csproj", "{A250CF1B-932B-4979-AB20-B10D90E6F727}"
EndProject
Project("{FAE04EC0-301F-11D3-BF4B-00C04F79EFBC}") = "ca_20170426异步执行", "ca_20170426异步执行\ca_20170426异步执行.csproj", "{057625F1-52E5-438C-8C5D-FFB524DC95F5}"
EndProject
Project("{FAE04EC0-301F-11D3-BF4B-00C04F79EFBC}") = "ca_20170426异步回调", "ca_20170426异步回调\ca_20170426异步回调.csproj", "{EAC06A5C-99D0-4587-B93A-42EDD6B86C02}"
EndProject
Project("{FAE04EC0-301F-11D3-BF4B-00C04F79EFBC}") = "ca_20170426异步回调2", "ca_20170426异步回调2\ca_20170426异步回调2.csproj", "{6E3CADA4-F167-46C5-83E1-719DAF412551}"
EndProject
Global
	GlobalSection(SolutionConfigurationPlatforms) = preSolution
		Debug|Any CPU = Debug|Any CPU
		Release|Any CPU = Release|Any CPU
	EndGlobalSection
	GlobalSection(ProjectConfigurationPlatforms) = postSolution
		{D48FD766-8417-4B2E-B9DA-34C4BA3203C1}.Debug|Any CPU.ActiveCfg = Debug|Any CPU
		{D48FD766-8417-4B2E-B9DA-34C4BA3203C1}.Debug|Any CPU.Build.0 = Debug|Any CPU
		{D48FD766-8417-4B2E-B9DA-34C4BA3203C1}.Release|Any CPU.ActiveCfg = Release|Any CPU
		{D48FD766-8417-4B2E-B9DA-34C4BA3203C1}.Release|Any CPU.Build.0 = Release|Any CPU
		{A250CF1B-932B-4979-AB20-B10D90E6F727}.Debug|Any CPU.ActiveCfg = Debug|Any CPU
		{A250CF1B-932B-4979-AB20-B10D90E6F727}.Debug|Any CPU.Build.0 = Debug|Any CPU
		{A250CF1B-932B-4979-AB20-B10D90E6F727}.Release|Any CPU.ActiveCfg = Release|Any CPU
		{A250CF1B-932B-4979-AB20-B10D90E6F727}.Release|Any CPU.Build.0 = Release|Any CPU
		{057625F1-52E5-438C-8C5D-FFB524DC95F5}.Debug|Any CPU.ActiveCfg = Debug|Any CPU
		{057625F1-52E5-438C-8C5D-FFB524DC95F5}.Debug|Any CPU.Build.0 = Debug|Any CPU
		{057625F1-52E5-438C-8C5D-FFB524DC95F5}.Release|Any CPU.ActiveCfg = Release|Any CPU
		{057625F1-52E5-438C-8C5D-FFB524DC95F5}.Release|Any CPU.Build.0 = Release|Any CPU
		{EAC06A5C-99D0-4587-B93A-42EDD6B86C02}.Debug|Any CPU.ActiveCfg = Debug|Any CPU
		{EAC06A5C-99D0-4587-B93A-42EDD6B86C02}.Debug|Any CPU.Build.0 = Debug|Any CPU
		{EAC06A5C-99D0-4587-B93A-42EDD6B86C02}.Release|Any CPU.ActiveCfg = Release|Any CPU
		{EAC06A5C-99D0-4587-B93A-42EDD6B86C02}.Release|Any CPU.Build.0 = Release|Any CPU
		{6E3CADA4-F167-46C5-83E1-719DAF412551}.Debug|Any CPU.ActiveCfg = Debug|Any CPU
		{6E3CADA4-F167-46C5-83E1-719DAF412551}.Debug|Any CPU.Build.0 = Debug|Any CPU
		{6E3CADA4-F167-46C5-83E1-719DAF412551}.Release|Any CPU.ActiveCfg = Release|Any CPU
		{6E3CADA4-F167-46C5-83E1-719DAF412551}.Release|Any CPU.Build.0 = Release|Any CPU
	EndGlobalSection
	GlobalSection(SolutionProperties) = preSolution
		HideSolutionNode = FALSE
	EndGlobalSection
EndGlobal
